
Microsoft Visual Studio Solution File, Format Version 12.00
# Visual Studio Version 16
VisualStudioVersion = 16.0.31321.278
MinimumVisualStudioVersion = 10.0.40219.1
Project("{FAE04EC0-301F-11D3-BF4B-00C04F79EFBC}") = "PrefabAPI", "PrefabAPI.csproj", "{2F4C7C3A-3F0C-408A-B39E-62E67E415B34}"
EndProject
Global
	GlobalSection(SolutionConfigurationPlatforms) = preSolution
		Debug|Any CPU = Debug|Any CPU
		Release|Any CPU = Release|Any CPU
	EndGlobalSection
	GlobalSection(ProjectConfigurationPlatforms) = postSolution
		{2F4C7C3A-3F0C-408A-B39E-62E67E415B34}.Debug|Any CPU.ActiveCfg = Debug|Any CPU
		{2F4C7C3A-3F0C-408A-B39E-62E67E415B34}.Debug|Any CPU.Build.0 = Debug|Any CPU
		{2F4C7C3A-3F0C-408A-B39E-62E67E415B34}.Release|Any CPU.ActiveCfg = Release|Any CPU
		{2F4C7C3A-3F0C-408A-B39E-62E67E415B34}.Release|Any CPU.Build.0 = Release|Any CPU
	EndGlobalSection
	GlobalSection(SolutionProperties) = preSolution
		HideSolutionNode = FALSE
	EndGlobalSection
	GlobalSection(ExtensibilityGlobals) = postSolution
		SolutionGuid = {40A7EDA1-9941-4B6B-9997-D9AD5E4BB1DC}
	EndGlobalSection
EndGlobal
